// !$*UTF8*$!
{
	archiveVersion = 1;
	classes = {
	};
	objectVersion = 55;
	objects = {

/* Begin PBXBuildFile section */
		68AE000E8D604FB3245CF91C /* Day1.2021.swift in Sources */ = {isa = PBXBuildFile; fileRef = 68AE0F463A505B9BEDC908F1 /* Day1.2021.swift */; };
		68AE00227490B668320B7188 /* Day16.2021.swift in Sources */ = {isa = PBXBuildFile; fileRef = 68AE09F32119E3E5AD440900 /* Day16.2021.swift */; };
		68AE003B89287239AE8454DE /* Day5.2020.swift in Sources */ = {isa = PBXBuildFile; fileRef = 68AE0F6FFEF82AA6CF5C14B0 /* Day5.2020.swift */; };
		68AE00C21761F2C0B8362573 /* Day13.2021.swift in Sources */ = {isa = PBXBuildFile; fileRef = 68AE0654A467518708253D07 /* Day13.2021.swift */; };
		68AE019AC3B18CE816A53380 /* Day4.2022.swift in Sources */ = {isa = PBXBuildFile; fileRef = 68AE0E074DB726CA6868D397 /* Day4.2022.swift */; };
		68AE01E42F26A856AE468DED /* Year.swift in Sources */ = {isa = PBXBuildFile; fileRef = 68AE040F34E8F03CF683498E /* Year.swift */; };
		68AE0219C8FB8D1F52007CC4 /* Day2.2021.swift in Sources */ = {isa = PBXBuildFile; fileRef = 68AE0F117891C3183AF0B639 /* Day2.2021.swift */; };
		68AE02AF5A422BE3206EAB41 /* Day12.2021.swift in Sources */ = {isa = PBXBuildFile; fileRef = 68AE0B6509EC428152A88D09 /* Day12.2021.swift */; };
		68AE0322BD21946E267A7C8A /* Day2.2022.swift in Sources */ = {isa = PBXBuildFile; fileRef = 68AE07840FE3F54AD5DECB4A /* Day2.2022.swift */; };
		68AE032FDC043F5EBE503C9C /* Day14.2021.swift in Sources */ = {isa = PBXBuildFile; fileRef = 68AE0A733F644BC66722C210 /* Day14.2021.swift */; };
		68AE03604260CC5BB113046D /* Day3.2022.swift in Sources */ = {isa = PBXBuildFile; fileRef = 68AE0D865EBB07851C2CF927 /* Day3.2022.swift */; };
		68AE03E8EE50461FBFD39336 /* Day4.2020.swift in Sources */ = {isa = PBXBuildFile; fileRef = 68AE0FE00C816E721E63709A /* Day4.2020.swift */; };
		68AE04378E1FF72867A1DB24 /* Day3.2021.swift in Sources */ = {isa = PBXBuildFile; fileRef = 68AE0CF9CAA9746BD654CE06 /* Day3.2021.swift */; };
		68AE043BB3E0F896C73D5F8B /* Day5.2022.swift in Sources */ = {isa = PBXBuildFile; fileRef = 68AE0A28E9FFF3B4CD2D1770 /* Day5.2022.swift */; };
		68AE04E8DEC6B7801270B3C4 /* Day6.2022.swift in Sources */ = {isa = PBXBuildFile; fileRef = 68AE04D409F52351C4697100 /* Day6.2022.swift */; };
		68AE053A3271459195FFCE65 /* Day10.2021.swift in Sources */ = {isa = PBXBuildFile; fileRef = 68AE069F5BDD413285B5ABAA /* Day10.2021.swift */; };
		68AE05FB2DE000832ED02144 /* Day7.2020.swift in Sources */ = {isa = PBXBuildFile; fileRef = 68AE027F9C7B78F2856E3405 /* Day7.2020.swift */; };
		68AE062425E9528B933CF33A /* Day1.2020.swift in Sources */ = {isa = PBXBuildFile; fileRef = 68AE093678F9D4D541A5B428 /* Day1.2020.swift */; };
		68AE06AB378F9F03BBE42EA7 /* Year2022.swift in Sources */ = {isa = PBXBuildFile; fileRef = 68AE06EF503018D6C63D50D1 /* Year2022.swift */; };
		68AE06B02FAAE102240B17B7 /* Day5.2021.swift in Sources */ = {isa = PBXBuildFile; fileRef = 68AE025A4469F0EBDE567A13 /* Day5.2021.swift */; };
		68AE08324C633FF273A9E60D /* Day9.2021.swift in Sources */ = {isa = PBXBuildFile; fileRef = 68AE058AF2B0D69D22F34A6A /* Day9.2021.swift */; };
		68AE0856BD799B90C59559FB /* Day9.2020.swift in Sources */ = {isa = PBXBuildFile; fileRef = 68AE022DA8AAC4243C69A789 /* Day9.2020.swift */; };
		68AE085F7FC22FFC7595092A /* Day4.2021.swift in Sources */ = {isa = PBXBuildFile; fileRef = 68AE077FB94C4462FD7DA621 /* Day4.2021.swift */; };
		68AE08B0BC22EABD822179A9 /* Day8.2020.swift in Sources */ = {isa = PBXBuildFile; fileRef = 68AE0D5023FAC3DC13AB2602 /* Day8.2020.swift */; };
		68AE08E5D2DB005BA8A520DF /* Day1.2022.swift in Sources */ = {isa = PBXBuildFile; fileRef = 68AE058573B7557B3CAA8715 /* Day1.2022.swift */; };
		68AE092A0EA10A258C33C31E /* Day6.2021.swift in Sources */ = {isa = PBXBuildFile; fileRef = 68AE01D8A36CD3A54F0D1F05 /* Day6.2021.swift */; };
		68AE09E1D103F0F2332E3BC7 /* Day6.2020.swift in Sources */ = {isa = PBXBuildFile; fileRef = 68AE04AFCB13E74951D42B52 /* Day6.2020.swift */; };
		68AE0A1ABC7ADBEC93F6FB91 /* Day10.2020.swift in Sources */ = {isa = PBXBuildFile; fileRef = 68AE037752B38E5236F74F71 /* Day10.2020.swift */; };
		68AE0AD96C0425F9E557D241 /* Day11.2020.swift in Sources */ = {isa = PBXBuildFile; fileRef = 68AE0642CCC08FDC40851DD0 /* Day11.2020.swift */; };
		68AE0AF8539FD8D20956E703 /* Day8.2021.swift in Sources */ = {isa = PBXBuildFile; fileRef = 68AE0246B3B0A287B39277FD /* Day8.2021.swift */; };
		68AE0B86E854E51BA0327FF0 /* Year2021.swift in Sources */ = {isa = PBXBuildFile; fileRef = 68AE05B24E697505513CC5EF /* Year2021.swift */; };
		68AE0C325F8BE99E8E58B7D5 /* Day15.2021.swift in Sources */ = {isa = PBXBuildFile; fileRef = 68AE0089E5ABFBDC41D3D1FA /* Day15.2021.swift */; };
		68AE0CD47EB8A6941FC86F42 /* Day11.2021.swift in Sources */ = {isa = PBXBuildFile; fileRef = 68AE03F0E3A66FBCB0BB5550 /* Day11.2021.swift */; };
		68AE0CECFC97FD1EF556B7DA /* Day3.2020.swift in Sources */ = {isa = PBXBuildFile; fileRef = 68AE074978E6078466E290E6 /* Day3.2020.swift */; };
		68AE0D0428501C89292B2D5D /* Day2.2020.swift in Sources */ = {isa = PBXBuildFile; fileRef = 68AE0D568C3B925B4BADD2A6 /* Day2.2020.swift */; };
		68AE0D736E0C415E4E80962A /* Result.swift in Sources */ = {isa = PBXBuildFile; fileRef = 68AE096A9E20EFABD5D60A56 /* Result.swift */; };
		68AE0DAC91E29D25250F8BCB /* Runnable.swift in Sources */ = {isa = PBXBuildFile; fileRef = 68AE0A49169F0982C7CF6C5D /* Runnable.swift */; };
		68AE0DEED1EB96E2EA8BAD7B /* Year2020.swift in Sources */ = {isa = PBXBuildFile; fileRef = 68AE0E904FADD34B8C0C6CDA /* Year2020.swift */; };
		68AE0DFD4CD6728F9DF0EFB9 /* Day.swift in Sources */ = {isa = PBXBuildFile; fileRef = 68AE04A462EA20FA7CDF683D /* Day.swift */; };
		68AE0F5038AAE78E481D9321 /* Day7.2021.swift in Sources */ = {isa = PBXBuildFile; fileRef = 68AE00B6592D74A7D498BE36 /* Day7.2021.swift */; };
		68AE0F50A988D9F28BF1466E /* Input.swift in Sources */ = {isa = PBXBuildFile; fileRef = 68AE0572845001272101FE18 /* Input.swift */; };
		824EDDF62757A24700FC5A71 /* main.swift in Sources */ = {isa = PBXBuildFile; fileRef = 824EDDF52757A24700FC5A71 /* main.swift */; };
		824EDE1F2757A3AC00FC5A71 /* String+Extensions.swift in Sources */ = {isa = PBXBuildFile; fileRef = 824EDE102757A3AC00FC5A71 /* String+Extensions.swift */; };
		82B76DB32768DBC1005B212C /* Algorithms in Frameworks */ = {isa = PBXBuildFile; productRef = 82B76DB22768DBC1005B212C /* Algorithms */; };
/* End PBXBuildFile section */

/* Begin PBXCopyFilesBuildPhase section */
		824EDDF02757A24700FC5A71 /* CopyFiles */ = {
			isa = PBXCopyFilesBuildPhase;
			buildActionMask = 2147483647;
			dstPath = /usr/share/man/man1/;
			dstSubfolderSpec = 0;
			files = (
			);
			runOnlyForDeploymentPostprocessing = 1;
		};
/* End PBXCopyFilesBuildPhase section */

/* Begin PBXFileReference section */
		68AE002F70D387FE73B58E7E /* 2021.3.txt */ = {isa = PBXFileReference; fileEncoding = 4; lastKnownFileType = text; path = 2021.3.txt; sourceTree = "<group>"; };
		68AE0089E5ABFBDC41D3D1FA /* Day15.2021.swift */ = {isa = PBXFileReference; fileEncoding = 4; lastKnownFileType = sourcecode.swift; path = Day15.2021.swift; sourceTree = "<group>"; };
		68AE00B6592D74A7D498BE36 /* Day7.2021.swift */ = {isa = PBXFileReference; fileEncoding = 4; lastKnownFileType = sourcecode.swift; path = Day7.2021.swift; sourceTree = "<group>"; };
		68AE00F218F8A771DEBAACE1 /* 2020.7.txt */ = {isa = PBXFileReference; fileEncoding = 4; lastKnownFileType = text; path = 2020.7.txt; sourceTree = "<group>"; };
		68AE01300FCF7C4715450E00 /* 2021.13.txt */ = {isa = PBXFileReference; fileEncoding = 4; lastKnownFileType = text; path = 2021.13.txt; sourceTree = "<group>"; };
		68AE0155718692C136D6823A /* 2022.5.txt */ = {isa = PBXFileReference; fileEncoding = 4; lastKnownFileType = text; path = 2022.5.txt; sourceTree = "<group>"; };
		68AE01D8A36CD3A54F0D1F05 /* Day6.2021.swift */ = {isa = PBXFileReference; fileEncoding = 4; lastKnownFileType = sourcecode.swift; path = Day6.2021.swift; sourceTree = "<group>"; };
		68AE01EFDB81FDC31478DAE0 /* 2022.6.test.txt */ = {isa = PBXFileReference; fileEncoding = 4; lastKnownFileType = text; path = 2022.6.test.txt; sourceTree = "<group>"; };
		68AE022AA693C61974D62AA1 /* 2021.12.txt */ = {isa = PBXFileReference; fileEncoding = 4; lastKnownFileType = text; path = 2021.12.txt; sourceTree = "<group>"; };
		68AE022DA8AAC4243C69A789 /* Day9.2020.swift */ = {isa = PBXFileReference; fileEncoding = 4; lastKnownFileType = sourcecode.swift; path = Day9.2020.swift; sourceTree = "<group>"; };
		68AE0246B3B0A287B39277FD /* Day8.2021.swift */ = {isa = PBXFileReference; fileEncoding = 4; lastKnownFileType = sourcecode.swift; path = Day8.2021.swift; sourceTree = "<group>"; };
		68AE02582B1C158AA33FC41F /* 2021.16.test.txt */ = {isa = PBXFileReference; fileEncoding = 4; lastKnownFileType = text; path = 2021.16.test.txt; sourceTree = "<group>"; };
		68AE025A4469F0EBDE567A13 /* Day5.2021.swift */ = {isa = PBXFileReference; fileEncoding = 4; lastKnownFileType = sourcecode.swift; path = Day5.2021.swift; sourceTree = "<group>"; };
		68AE027F9C7B78F2856E3405 /* Day7.2020.swift */ = {isa = PBXFileReference; fileEncoding = 4; lastKnownFileType = sourcecode.swift; path = Day7.2020.swift; sourceTree = "<group>"; };
		68AE02E31DBF06625E8904E7 /* 2021.12.test.txt */ = {isa = PBXFileReference; fileEncoding = 4; lastKnownFileType = text; path = 2021.12.test.txt; sourceTree = "<group>"; };
		68AE033916224AF1FCCE3BA0 /* 2022.1.txt */ = {isa = PBXFileReference; fileEncoding = 4; lastKnownFileType = text; path = 2022.1.txt; sourceTree = "<group>"; };
		68AE036844CA65911BD6F895 /* 2021.10.txt */ = {isa = PBXFileReference; fileEncoding = 4; lastKnownFileType = text; path = 2021.10.txt; sourceTree = "<group>"; };
		68AE037752B38E5236F74F71 /* Day10.2020.swift */ = {isa = PBXFileReference; fileEncoding = 4; lastKnownFileType = sourcecode.swift; path = Day10.2020.swift; sourceTree = "<group>"; };
		68AE03879C8DD02F97355CF6 /* 2021.2.txt */ = {isa = PBXFileReference; fileEncoding = 4; lastKnownFileType = text; path = 2021.2.txt; sourceTree = "<group>"; };
		68AE03E70AE37CCF036DE4D1 /* 2021.14.txt */ = {isa = PBXFileReference; fileEncoding = 4; lastKnownFileType = text; path = 2021.14.txt; sourceTree = "<group>"; };
		68AE03F0E3A66FBCB0BB5550 /* Day11.2021.swift */ = {isa = PBXFileReference; fileEncoding = 4; lastKnownFileType = sourcecode.swift; path = Day11.2021.swift; sourceTree = "<group>"; };
		68AE040F34E8F03CF683498E /* Year.swift */ = {isa = PBXFileReference; fileEncoding = 4; lastKnownFileType = sourcecode.swift; path = Year.swift; sourceTree = "<group>"; };
		68AE043F2A7421BE5321CD43 /* 2022.6.txt */ = {isa = PBXFileReference; fileEncoding = 4; lastKnownFileType = text; path = 2022.6.txt; sourceTree = "<group>"; };
		68AE043F7CF8D57D42197CCE /* 2021.11.test.txt */ = {isa = PBXFileReference; fileEncoding = 4; lastKnownFileType = text; path = 2021.11.test.txt; sourceTree = "<group>"; };
		68AE04983F041C6F9D4A828B /* 2021.13.test.txt */ = {isa = PBXFileReference; fileEncoding = 4; lastKnownFileType = text; path = 2021.13.test.txt; sourceTree = "<group>"; };
		68AE04A462EA20FA7CDF683D /* Day.swift */ = {isa = PBXFileReference; fileEncoding = 4; lastKnownFileType = sourcecode.swift; path = Day.swift; sourceTree = "<group>"; };
		68AE04AFCB13E74951D42B52 /* Day6.2020.swift */ = {isa = PBXFileReference; fileEncoding = 4; lastKnownFileType = sourcecode.swift; path = Day6.2020.swift; sourceTree = "<group>"; };
		68AE04D409F52351C4697100 /* Day6.2022.swift */ = {isa = PBXFileReference; fileEncoding = 4; lastKnownFileType = sourcecode.swift; path = Day6.2022.swift; sourceTree = "<group>"; };
		68AE04D519568C9C1810CA3E /* 2022.5.test.txt */ = {isa = PBXFileReference; fileEncoding = 4; lastKnownFileType = text; path = 2022.5.test.txt; sourceTree = "<group>"; };
		68AE04ED6FB3C8D5361EC40D /* 2020.10.txt */ = {isa = PBXFileReference; fileEncoding = 4; lastKnownFileType = text; path = 2020.10.txt; sourceTree = "<group>"; };
		68AE05383ADF56CF77B96121 /* 2020.8.txt */ = {isa = PBXFileReference; fileEncoding = 4; lastKnownFileType = text; path = 2020.8.txt; sourceTree = "<group>"; };
		68AE05413E740402964C1097 /* 2020.5.txt */ = {isa = PBXFileReference; fileEncoding = 4; lastKnownFileType = text; path = 2020.5.txt; sourceTree = "<group>"; };
		68AE0559C6BF358CD5F6136B /* 2020.11.txt */ = {isa = PBXFileReference; fileEncoding = 4; lastKnownFileType = text; path = 2020.11.txt; sourceTree = "<group>"; };
		68AE0572845001272101FE18 /* Input.swift */ = {isa = PBXFileReference; fileEncoding = 4; lastKnownFileType = sourcecode.swift; path = Input.swift; sourceTree = "<group>"; };
		68AE058573B7557B3CAA8715 /* Day1.2022.swift */ = {isa = PBXFileReference; fileEncoding = 4; lastKnownFileType = sourcecode.swift; path = Day1.2022.swift; sourceTree = "<group>"; };
		68AE058AF2B0D69D22F34A6A /* Day9.2021.swift */ = {isa = PBXFileReference; fileEncoding = 4; lastKnownFileType = sourcecode.swift; path = Day9.2021.swift; sourceTree = "<group>"; };
		68AE059CFFAC5A5C89B99885 /* 2022.4.txt */ = {isa = PBXFileReference; fileEncoding = 4; lastKnownFileType = text; path = 2022.4.txt; sourceTree = "<group>"; };
		68AE05A5BA289A4B1C80657E /* 2021.5.txt */ = {isa = PBXFileReference; fileEncoding = 4; lastKnownFileType = text; path = 2021.5.txt; sourceTree = "<group>"; };
		68AE05B24E697505513CC5EF /* Year2021.swift */ = {isa = PBXFileReference; fileEncoding = 4; lastKnownFileType = sourcecode.swift; path = Year2021.swift; sourceTree = "<group>"; };
		68AE05CD0093F591B1D61D5D /* 2021.15.txt */ = {isa = PBXFileReference; fileEncoding = 4; lastKnownFileType = text; path = 2021.15.txt; sourceTree = "<group>"; };
		68AE0642CCC08FDC40851DD0 /* Day11.2020.swift */ = {isa = PBXFileReference; fileEncoding = 4; lastKnownFileType = sourcecode.swift; path = Day11.2020.swift; sourceTree = "<group>"; };
		68AE064CA2135D8A32731131 /* 2022.2.txt */ = {isa = PBXFileReference; fileEncoding = 4; lastKnownFileType = text; path = 2022.2.txt; sourceTree = "<group>"; };
		68AE0654A467518708253D07 /* Day13.2021.swift */ = {isa = PBXFileReference; fileEncoding = 4; lastKnownFileType = sourcecode.swift; path = Day13.2021.swift; sourceTree = "<group>"; };
		68AE069F5BDD413285B5ABAA /* Day10.2021.swift */ = {isa = PBXFileReference; fileEncoding = 4; lastKnownFileType = sourcecode.swift; path = Day10.2021.swift; sourceTree = "<group>"; };
		68AE06EF503018D6C63D50D1 /* Year2022.swift */ = {isa = PBXFileReference; fileEncoding = 4; lastKnownFileType = sourcecode.swift; path = Year2022.swift; sourceTree = "<group>"; };
		68AE06F424D99A436A2D461A /* 2020.6.txt */ = {isa = PBXFileReference; fileEncoding = 4; lastKnownFileType = text; path = 2020.6.txt; sourceTree = "<group>"; };
		68AE070ED56410C3A5F14E98 /* 2020.3.txt */ = {isa = PBXFileReference; fileEncoding = 4; lastKnownFileType = text; path = 2020.3.txt; sourceTree = "<group>"; };
		68AE074978E6078466E290E6 /* Day3.2020.swift */ = {isa = PBXFileReference; fileEncoding = 4; lastKnownFileType = sourcecode.swift; path = Day3.2020.swift; sourceTree = "<group>"; };
		68AE0751B7C15E04B4818FA4 /* 2020.1.txt */ = {isa = PBXFileReference; fileEncoding = 4; lastKnownFileType = text; path = 2020.1.txt; sourceTree = "<group>"; };
		68AE0760E527DEF331DD9DEC /* 2021.9.txt */ = {isa = PBXFileReference; fileEncoding = 4; lastKnownFileType = text; path = 2021.9.txt; sourceTree = "<group>"; };
		68AE077FB94C4462FD7DA621 /* Day4.2021.swift */ = {isa = PBXFileReference; fileEncoding = 4; lastKnownFileType = sourcecode.swift; path = Day4.2021.swift; sourceTree = "<group>"; };
		68AE07840FE3F54AD5DECB4A /* Day2.2022.swift */ = {isa = PBXFileReference; fileEncoding = 4; lastKnownFileType = sourcecode.swift; path = Day2.2022.swift; sourceTree = "<group>"; };
		68AE085AE6517E0F5C52B172 /* 2021.4.txt */ = {isa = PBXFileReference; fileEncoding = 4; lastKnownFileType = text; path = 2021.4.txt; sourceTree = "<group>"; };
		68AE08855F36A64E1F0F4033 /* 2021.8.txt */ = {isa = PBXFileReference; fileEncoding = 4; lastKnownFileType = text; path = 2021.8.txt; sourceTree = "<group>"; };
		68AE0895FE0F1F39F176D721 /* 2021.11.txt */ = {isa = PBXFileReference; fileEncoding = 4; lastKnownFileType = text; path = 2021.11.txt; sourceTree = "<group>"; };
		68AE08A1BD36F840A7F2E646 /* 2021.1.txt */ = {isa = PBXFileReference; fileEncoding = 4; lastKnownFileType = text; path = 2021.1.txt; sourceTree = "<group>"; };
		68AE08E86C42A6D13FA8C431 /* 2021.15.test.txt */ = {isa = PBXFileReference; fileEncoding = 4; lastKnownFileType = text; path = 2021.15.test.txt; sourceTree = "<group>"; };
		68AE093678F9D4D541A5B428 /* Day1.2020.swift */ = {isa = PBXFileReference; fileEncoding = 4; lastKnownFileType = sourcecode.swift; path = Day1.2020.swift; sourceTree = "<group>"; };
		68AE096A9E20EFABD5D60A56 /* Result.swift */ = {isa = PBXFileReference; fileEncoding = 4; lastKnownFileType = sourcecode.swift; path = Result.swift; sourceTree = "<group>"; };
		68AE09D5DD36B5599D9F2D74 /* 2021.7.txt */ = {isa = PBXFileReference; fileEncoding = 4; lastKnownFileType = text; path = 2021.7.txt; sourceTree = "<group>"; };
		68AE09F32119E3E5AD440900 /* Day16.2021.swift */ = {isa = PBXFileReference; fileEncoding = 4; lastKnownFileType = sourcecode.swift; path = Day16.2021.swift; sourceTree = "<group>"; };
		68AE0A28E9FFF3B4CD2D1770 /* Day5.2022.swift */ = {isa = PBXFileReference; fileEncoding = 4; lastKnownFileType = sourcecode.swift; path = Day5.2022.swift; sourceTree = "<group>"; };
		68AE0A49169F0982C7CF6C5D /* Runnable.swift */ = {isa = PBXFileReference; fileEncoding = 4; lastKnownFileType = sourcecode.swift; path = Runnable.swift; sourceTree = "<group>"; };
		68AE0A6DF00B75869891EC87 /* 2021.14.test.txt */ = {isa = PBXFileReference; fileEncoding = 4; lastKnownFileType = text; path = 2021.14.test.txt; sourceTree = "<group>"; };
		68AE0A733F644BC66722C210 /* Day14.2021.swift */ = {isa = PBXFileReference; fileEncoding = 4; lastKnownFileType = sourcecode.swift; path = Day14.2021.swift; sourceTree = "<group>"; };
		68AE0A9ABD1D86656A943AC8 /* 2022.2.test.txt */ = {isa = PBXFileReference; fileEncoding = 4; lastKnownFileType = text; path = 2022.2.test.txt; sourceTree = "<group>"; };
		68AE0B6509EC428152A88D09 /* Day12.2021.swift */ = {isa = PBXFileReference; fileEncoding = 4; lastKnownFileType = sourcecode.swift; path = Day12.2021.swift; sourceTree = "<group>"; };
		68AE0B8A9D7F3E30E54A4959 /* 2022.3.txt */ = {isa = PBXFileReference; fileEncoding = 4; lastKnownFileType = text; path = 2022.3.txt; sourceTree = "<group>"; };
		68AE0BF7C152BBD72021C732 /* 2021.16.txt */ = {isa = PBXFileReference; fileEncoding = 4; lastKnownFileType = text; path = 2021.16.txt; sourceTree = "<group>"; };
		68AE0CB83E81E2E29452AC6F /* 2022.1.test.txt */ = {isa = PBXFileReference; fileEncoding = 4; lastKnownFileType = text; path = 2022.1.test.txt; sourceTree = "<group>"; };
		68AE0CB8F6151261E642BF71 /* 2021.6.txt */ = {isa = PBXFileReference; fileEncoding = 4; lastKnownFileType = text; path = 2021.6.txt; sourceTree = "<group>"; };
		68AE0CDB0C059FD1F8FD449B /* 2020.9.txt */ = {isa = PBXFileReference; fileEncoding = 4; lastKnownFileType = text; path = 2020.9.txt; sourceTree = "<group>"; };
		68AE0CF9CAA9746BD654CE06 /* Day3.2021.swift */ = {isa = PBXFileReference; fileEncoding = 4; lastKnownFileType = sourcecode.swift; path = Day3.2021.swift; sourceTree = "<group>"; };
		68AE0D0C4ACF0325927756D1 /* 2022.4.test.txt */ = {isa = PBXFileReference; fileEncoding = 4; lastKnownFileType = text; path = 2022.4.test.txt; sourceTree = "<group>"; };
		68AE0D5023FAC3DC13AB2602 /* Day8.2020.swift */ = {isa = PBXFileReference; fileEncoding = 4; lastKnownFileType = sourcecode.swift; path = Day8.2020.swift; sourceTree = "<group>"; };
		68AE0D568C3B925B4BADD2A6 /* Day2.2020.swift */ = {isa = PBXFileReference; fileEncoding = 4; lastKnownFileType = sourcecode.swift; path = Day2.2020.swift; sourceTree = "<group>"; };
		68AE0D865EBB07851C2CF927 /* Day3.2022.swift */ = {isa = PBXFileReference; fileEncoding = 4; lastKnownFileType = sourcecode.swift; path = Day3.2022.swift; sourceTree = "<group>"; };
		68AE0E074DB726CA6868D397 /* Day4.2022.swift */ = {isa = PBXFileReference; fileEncoding = 4; lastKnownFileType = sourcecode.swift; path = Day4.2022.swift; sourceTree = "<group>"; };
		68AE0E34A1AA05A3B9C73B40 /* 2020.4.txt */ = {isa = PBXFileReference; fileEncoding = 4; lastKnownFileType = text; path = 2020.4.txt; sourceTree = "<group>"; };
		68AE0E904FADD34B8C0C6CDA /* Year2020.swift */ = {isa = PBXFileReference; fileEncoding = 4; lastKnownFileType = sourcecode.swift; path = Year2020.swift; sourceTree = "<group>"; };
		68AE0F117891C3183AF0B639 /* Day2.2021.swift */ = {isa = PBXFileReference; fileEncoding = 4; lastKnownFileType = sourcecode.swift; path = Day2.2021.swift; sourceTree = "<group>"; };
		68AE0F4528BDF461507702CF /* 2020.2.txt */ = {isa = PBXFileReference; fileEncoding = 4; lastKnownFileType = text; path = 2020.2.txt; sourceTree = "<group>"; };
		68AE0F463A505B9BEDC908F1 /* Day1.2021.swift */ = {isa = PBXFileReference; fileEncoding = 4; lastKnownFileType = sourcecode.swift; path = Day1.2021.swift; sourceTree = "<group>"; };
		68AE0F6FFEF82AA6CF5C14B0 /* Day5.2020.swift */ = {isa = PBXFileReference; fileEncoding = 4; lastKnownFileType = sourcecode.swift; path = Day5.2020.swift; sourceTree = "<group>"; };
		68AE0FBA41F0F4EB6FB3F8DD /* 2022.3.test.txt */ = {isa = PBXFileReference; fileEncoding = 4; lastKnownFileType = text; path = 2022.3.test.txt; sourceTree = "<group>"; };
		68AE0FE00C816E721E63709A /* Day4.2020.swift */ = {isa = PBXFileReference; fileEncoding = 4; lastKnownFileType = sourcecode.swift; path = Day4.2020.swift; sourceTree = "<group>"; };
		824EDDF22757A24700FC5A71 /* AdventOfCode */ = {isa = PBXFileReference; explicitFileType = "compiled.mach-o.executable"; includeInIndex = 0; path = AdventOfCode; sourceTree = BUILT_PRODUCTS_DIR; };
		824EDDF52757A24700FC5A71 /* main.swift */ = {isa = PBXFileReference; lastKnownFileType = sourcecode.swift; path = main.swift; sourceTree = "<group>"; };
		824EDE102757A3AC00FC5A71 /* String+Extensions.swift */ = {isa = PBXFileReference; fileEncoding = 4; lastKnownFileType = sourcecode.swift; path = "String+Extensions.swift"; sourceTree = "<group>"; };
/* End PBXFileReference section */

/* Begin PBXFrameworksBuildPhase section */
		824EDDEF2757A24700FC5A71 /* Frameworks */ = {
			isa = PBXFrameworksBuildPhase;
			buildActionMask = 2147483647;
			files = (
				82B76DB32768DBC1005B212C /* Algorithms in Frameworks */,
			);
			runOnlyForDeploymentPostprocessing = 0;
		};
/* End PBXFrameworksBuildPhase section */

/* Begin PBXGroup section */
		68AE0862C569C1991E0EB554 /* Inputs */ = {
			isa = PBXGroup;
			children = (
				68AE08A1BD36F840A7F2E646 /* 2021.1.txt */,
				68AE03879C8DD02F97355CF6 /* 2021.2.txt */,
				68AE002F70D387FE73B58E7E /* 2021.3.txt */,
				68AE085AE6517E0F5C52B172 /* 2021.4.txt */,
				68AE05A5BA289A4B1C80657E /* 2021.5.txt */,
				68AE0CB8F6151261E642BF71 /* 2021.6.txt */,
				68AE09D5DD36B5599D9F2D74 /* 2021.7.txt */,
				68AE08855F36A64E1F0F4033 /* 2021.8.txt */,
				68AE0760E527DEF331DD9DEC /* 2021.9.txt */,
				68AE036844CA65911BD6F895 /* 2021.10.txt */,
				68AE0895FE0F1F39F176D721 /* 2021.11.txt */,
				68AE022AA693C61974D62AA1 /* 2021.12.txt */,
				68AE02E31DBF06625E8904E7 /* 2021.12.test.txt */,
				68AE043F7CF8D57D42197CCE /* 2021.11.test.txt */,
				68AE01300FCF7C4715450E00 /* 2021.13.txt */,
				68AE04983F041C6F9D4A828B /* 2021.13.test.txt */,
				68AE0572845001272101FE18 /* Input.swift */,
				68AE0751B7C15E04B4818FA4 /* 2020.1.txt */,
				68AE0F4528BDF461507702CF /* 2020.2.txt */,
				68AE070ED56410C3A5F14E98 /* 2020.3.txt */,
				68AE0E34A1AA05A3B9C73B40 /* 2020.4.txt */,
				68AE05413E740402964C1097 /* 2020.5.txt */,
				68AE06F424D99A436A2D461A /* 2020.6.txt */,
				68AE00F218F8A771DEBAACE1 /* 2020.7.txt */,
				68AE05383ADF56CF77B96121 /* 2020.8.txt */,
				68AE0CDB0C059FD1F8FD449B /* 2020.9.txt */,
				68AE04ED6FB3C8D5361EC40D /* 2020.10.txt */,
				68AE0559C6BF358CD5F6136B /* 2020.11.txt */,
				68AE0A6DF00B75869891EC87 /* 2021.14.test.txt */,
				68AE03E70AE37CCF036DE4D1 /* 2021.14.txt */,
				68AE08E86C42A6D13FA8C431 /* 2021.15.test.txt */,
				68AE05CD0093F591B1D61D5D /* 2021.15.txt */,
				68AE0BF7C152BBD72021C732 /* 2021.16.txt */,
				68AE02582B1C158AA33FC41F /* 2021.16.test.txt */,
				68AE0CB83E81E2E29452AC6F /* 2022.1.test.txt */,
				68AE033916224AF1FCCE3BA0 /* 2022.1.txt */,
				68AE064CA2135D8A32731131 /* 2022.2.txt */,
				68AE0A9ABD1D86656A943AC8 /* 2022.2.test.txt */,
				68AE0FBA41F0F4EB6FB3F8DD /* 2022.3.test.txt */,
				68AE0B8A9D7F3E30E54A4959 /* 2022.3.txt */,
				68AE059CFFAC5A5C89B99885 /* 2022.4.txt */,
				68AE0D0C4ACF0325927756D1 /* 2022.4.test.txt */,
				68AE04D519568C9C1810CA3E /* 2022.5.test.txt */,
				68AE0155718692C136D6823A /* 2022.5.txt */,
				68AE043F2A7421BE5321CD43 /* 2022.6.txt */,
				68AE01EFDB81FDC31478DAE0 /* 2022.6.test.txt */,
			);
			path = Inputs;
			sourceTree = "<group>";
		};
		68AE09A46E678401C575F1EA /* 2020 */ = {
			isa = PBXGroup;
			children = (
				68AE0E904FADD34B8C0C6CDA /* Year2020.swift */,
				68AE093678F9D4D541A5B428 /* Day1.2020.swift */,
				68AE0D568C3B925B4BADD2A6 /* Day2.2020.swift */,
				68AE074978E6078466E290E6 /* Day3.2020.swift */,
				68AE0FE00C816E721E63709A /* Day4.2020.swift */,
				68AE0F6FFEF82AA6CF5C14B0 /* Day5.2020.swift */,
				68AE04AFCB13E74951D42B52 /* Day6.2020.swift */,
				68AE027F9C7B78F2856E3405 /* Day7.2020.swift */,
				68AE0D5023FAC3DC13AB2602 /* Day8.2020.swift */,
				68AE022DA8AAC4243C69A789 /* Day9.2020.swift */,
				68AE037752B38E5236F74F71 /* Day10.2020.swift */,
				68AE0642CCC08FDC40851DD0 /* Day11.2020.swift */,
			);
			path = 2020;
			sourceTree = "<group>";
		};
		68AE0BA7EDB6B4E45291E199 /* 2021 */ = {
			isa = PBXGroup;
			children = (
				68AE0F463A505B9BEDC908F1 /* Day1.2021.swift */,
				68AE058AF2B0D69D22F34A6A /* Day9.2021.swift */,
				68AE00B6592D74A7D498BE36 /* Day7.2021.swift */,
				68AE077FB94C4462FD7DA621 /* Day4.2021.swift */,
				68AE0246B3B0A287B39277FD /* Day8.2021.swift */,
				68AE025A4469F0EBDE567A13 /* Day5.2021.swift */,
				68AE0CF9CAA9746BD654CE06 /* Day3.2021.swift */,
				68AE0B6509EC428152A88D09 /* Day12.2021.swift */,
				68AE03F0E3A66FBCB0BB5550 /* Day11.2021.swift */,
				68AE0F117891C3183AF0B639 /* Day2.2021.swift */,
				68AE0654A467518708253D07 /* Day13.2021.swift */,
				68AE069F5BDD413285B5ABAA /* Day10.2021.swift */,
				68AE01D8A36CD3A54F0D1F05 /* Day6.2021.swift */,
				68AE05B24E697505513CC5EF /* Year2021.swift */,
				68AE0A733F644BC66722C210 /* Day14.2021.swift */,
				68AE0089E5ABFBDC41D3D1FA /* Day15.2021.swift */,
				68AE09F32119E3E5AD440900 /* Day16.2021.swift */,
			);
			path = 2021;
			sourceTree = "<group>";
		};
		68AE0EFCAB5FE5E7D6C8F3F2 /* Utils */ = {
			isa = PBXGroup;
			children = (
				68AE0A49169F0982C7CF6C5D /* Runnable.swift */,
				68AE096A9E20EFABD5D60A56 /* Result.swift */,
			);
			path = Utils;
			sourceTree = "<group>";
		};
		68AE0F8A614944E3EDC595D4 /* 2022 */ = {
			isa = PBXGroup;
			children = (
				68AE06EF503018D6C63D50D1 /* Year2022.swift */,
				68AE058573B7557B3CAA8715 /* Day1.2022.swift */,
				68AE07840FE3F54AD5DECB4A /* Day2.2022.swift */,
				68AE0D865EBB07851C2CF927 /* Day3.2022.swift */,
				68AE0E074DB726CA6868D397 /* Day4.2022.swift */,
				68AE0A28E9FFF3B4CD2D1770 /* Day5.2022.swift */,
				68AE04D409F52351C4697100 /* Day6.2022.swift */,
			);
			path = 2022;
			sourceTree = "<group>";
		};
		824EDDE92757A24700FC5A71 = {
			isa = PBXGroup;
			children = (
				824EDDF42757A24700FC5A71 /* AdventOfCode */,
				824EDDF32757A24700FC5A71 /* Products */,
				82B76DB42768DCCD005B212C /* Frameworks */,
			);
			sourceTree = "<group>";
		};
		824EDDF32757A24700FC5A71 /* Products */ = {
			isa = PBXGroup;
			children = (
				824EDDF22757A24700FC5A71 /* AdventOfCode */,
			);
			name = Products;
			sourceTree = "<group>";
		};
		824EDDF42757A24700FC5A71 /* AdventOfCode */ = {
			isa = PBXGroup;
			children = (
				824EDDF52757A24700FC5A71 /* main.swift */,
				824EDE0F2757A3AC00FC5A71 /* Extensions */,
				68AE0BA7EDB6B4E45291E199 /* 2021 */,
				68AE04A462EA20FA7CDF683D /* Day.swift */,
				68AE040F34E8F03CF683498E /* Year.swift */,
				68AE0862C569C1991E0EB554 /* Inputs */,
				68AE09A46E678401C575F1EA /* 2020 */,
				68AE0EFCAB5FE5E7D6C8F3F2 /* Utils */,
				68AE0F8A614944E3EDC595D4 /* 2022 */,
			);
			path = AdventOfCode;
			sourceTree = "<group>";
		};
		824EDE0F2757A3AC00FC5A71 /* Extensions */ = {
			isa = PBXGroup;
			children = (
				824EDE102757A3AC00FC5A71 /* String+Extensions.swift */,
			);
			path = Extensions;
			sourceTree = "<group>";
		};
		82B76DB42768DCCD005B212C /* Frameworks */ = {
			isa = PBXGroup;
			children = (
			);
			name = Frameworks;
			sourceTree = "<group>";
		};
/* End PBXGroup section */

/* Begin PBXNativeTarget section */
		824EDDF12757A24700FC5A71 /* AdventOfCode */ = {
			isa = PBXNativeTarget;
			buildConfigurationList = 824EDDF92757A24700FC5A71 /* Build configuration list for PBXNativeTarget "AdventOfCode" */;
			buildPhases = (
				824EDDEE2757A24700FC5A71 /* Sources */,
				824EDDEF2757A24700FC5A71 /* Frameworks */,
				824EDDF02757A24700FC5A71 /* CopyFiles */,
			);
			buildRules = (
			);
			dependencies = (
			);
			name = AdventOfCode;
			packageProductDependencies = (
				82B76DB22768DBC1005B212C /* Algorithms */,
			);
			productName = AdventOfCode;
			productReference = 824EDDF22757A24700FC5A71 /* AdventOfCode */;
			productType = "com.apple.product-type.tool";
		};
/* End PBXNativeTarget section */

/* Begin PBXProject section */
		824EDDEA2757A24700FC5A71 /* Project object */ = {
			isa = PBXProject;
			attributes = {
				BuildIndependentTargetsInParallel = 1;
				LastSwiftUpdateCheck = 1310;
				LastUpgradeCheck = 1310;
				TargetAttributes = {
					824EDDF12757A24700FC5A71 = {
						CreatedOnToolsVersion = 13.1;
					};
				};
			};
			buildConfigurationList = 824EDDED2757A24700FC5A71 /* Build configuration list for PBXProject "AdventOfCode" */;
			compatibilityVersion = "Xcode 13.0";
			developmentRegion = en;
			hasScannedForEncodings = 0;
			knownRegions = (
				en,
				Base,
			);
			mainGroup = 824EDDE92757A24700FC5A71;
			packageReferences = (
				82B76DB12768DBC1005B212C /* XCRemoteSwiftPackageReference "swift-algorithms" */,
			);
			productRefGroup = 824EDDF32757A24700FC5A71 /* Products */;
			projectDirPath = "";
			projectRoot = "";
			targets = (
				824EDDF12757A24700FC5A71 /* AdventOfCode */,
			);
		};
/* End PBXProject section */

/* Begin PBXSourcesBuildPhase section */
		824EDDEE2757A24700FC5A71 /* Sources */ = {
			isa = PBXSourcesBuildPhase;
			buildActionMask = 2147483647;
			files = (
				824EDE1F2757A3AC00FC5A71 /* String+Extensions.swift in Sources */,
				824EDDF62757A24700FC5A71 /* main.swift in Sources */,
				68AE0DFD4CD6728F9DF0EFB9 /* Day.swift in Sources */,
				68AE01E42F26A856AE468DED /* Year.swift in Sources */,
				68AE0F50A988D9F28BF1466E /* Input.swift in Sources */,
				68AE000E8D604FB3245CF91C /* Day1.2021.swift in Sources */,
				68AE08324C633FF273A9E60D /* Day9.2021.swift in Sources */,
				68AE0F5038AAE78E481D9321 /* Day7.2021.swift in Sources */,
				68AE085F7FC22FFC7595092A /* Day4.2021.swift in Sources */,
				68AE0AF8539FD8D20956E703 /* Day8.2021.swift in Sources */,
				68AE06B02FAAE102240B17B7 /* Day5.2021.swift in Sources */,
				68AE04378E1FF72867A1DB24 /* Day3.2021.swift in Sources */,
				68AE02AF5A422BE3206EAB41 /* Day12.2021.swift in Sources */,
				68AE0CD47EB8A6941FC86F42 /* Day11.2021.swift in Sources */,
				68AE0219C8FB8D1F52007CC4 /* Day2.2021.swift in Sources */,
				68AE00C21761F2C0B8362573 /* Day13.2021.swift in Sources */,
				68AE053A3271459195FFCE65 /* Day10.2021.swift in Sources */,
				68AE092A0EA10A258C33C31E /* Day6.2021.swift in Sources */,
				68AE0B86E854E51BA0327FF0 /* Year2021.swift in Sources */,
				68AE0DEED1EB96E2EA8BAD7B /* Year2020.swift in Sources */,
				68AE062425E9528B933CF33A /* Day1.2020.swift in Sources */,
				68AE0D0428501C89292B2D5D /* Day2.2020.swift in Sources */,
				68AE0CECFC97FD1EF556B7DA /* Day3.2020.swift in Sources */,
				68AE03E8EE50461FBFD39336 /* Day4.2020.swift in Sources */,
				68AE003B89287239AE8454DE /* Day5.2020.swift in Sources */,
				68AE09E1D103F0F2332E3BC7 /* Day6.2020.swift in Sources */,
				68AE05FB2DE000832ED02144 /* Day7.2020.swift in Sources */,
				68AE08B0BC22EABD822179A9 /* Day8.2020.swift in Sources */,
				68AE0856BD799B90C59559FB /* Day9.2020.swift in Sources */,
				68AE0A1ABC7ADBEC93F6FB91 /* Day10.2020.swift in Sources */,
				68AE0AD96C0425F9E557D241 /* Day11.2020.swift in Sources */,
				68AE032FDC043F5EBE503C9C /* Day14.2021.swift in Sources */,
				68AE0C325F8BE99E8E58B7D5 /* Day15.2021.swift in Sources */,
				68AE00227490B668320B7188 /* Day16.2021.swift in Sources */,
				68AE0DAC91E29D25250F8BCB /* Runnable.swift in Sources */,
				68AE0D736E0C415E4E80962A /* Result.swift in Sources */,
				68AE06AB378F9F03BBE42EA7 /* Year2022.swift in Sources */,
				68AE08E5D2DB005BA8A520DF /* Day1.2022.swift in Sources */,
				68AE0322BD21946E267A7C8A /* Day2.2022.swift in Sources */,
				68AE03604260CC5BB113046D /* Day3.2022.swift in Sources */,
				68AE019AC3B18CE816A53380 /* Day4.2022.swift in Sources */,
				68AE043BB3E0F896C73D5F8B /* Day5.2022.swift in Sources */,
				68AE04E8DEC6B7801270B3C4 /* Day6.2022.swift in Sources */,
			);
			runOnlyForDeploymentPostprocessing = 0;
		};
/* End PBXSourcesBuildPhase section */

/* Begin XCBuildConfiguration section */
		824EDDF72757A24700FC5A71 /* Debug */ = {
			isa = XCBuildConfiguration;
			buildSettings = {
				ALWAYS_SEARCH_USER_PATHS = NO;
				CLANG_ANALYZER_NONNULL = YES;
				CLANG_ANALYZER_NUMBER_OBJECT_CONVERSION = YES_AGGRESSIVE;
				CLANG_CXX_LANGUAGE_STANDARD = "gnu++17";
				CLANG_CXX_LIBRARY = "libc++";
				CLANG_ENABLE_MODULES = YES;
				CLANG_ENABLE_OBJC_ARC = YES;
				CLANG_ENABLE_OBJC_WEAK = YES;
				CLANG_WARN_BLOCK_CAPTURE_AUTORELEASING = YES;
				CLANG_WARN_BOOL_CONVERSION = YES;
				CLANG_WARN_COMMA = YES;
				CLANG_WARN_CONSTANT_CONVERSION = YES;
				CLANG_WARN_DEPRECATED_OBJC_IMPLEMENTATIONS = YES;
				CLANG_WARN_DIRECT_OBJC_ISA_USAGE = YES_ERROR;
				CLANG_WARN_DOCUMENTATION_COMMENTS = YES;
				CLANG_WARN_EMPTY_BODY = YES;
				CLANG_WARN_ENUM_CONVERSION = YES;
				CLANG_WARN_INFINITE_RECURSION = YES;
				CLANG_WARN_INT_CONVERSION = YES;
				CLANG_WARN_NON_LITERAL_NULL_CONVERSION = YES;
				CLANG_WARN_OBJC_IMPLICIT_RETAIN_SELF = YES;
				CLANG_WARN_OBJC_LITERAL_CONVERSION = YES;
				CLANG_WARN_OBJC_ROOT_CLASS = YES_ERROR;
				CLANG_WARN_QUOTED_INCLUDE_IN_FRAMEWORK_HEADER = YES;
				CLANG_WARN_RANGE_LOOP_ANALYSIS = YES;
				CLANG_WARN_STRICT_PROTOTYPES = YES;
				CLANG_WARN_SUSPICIOUS_MOVE = YES;
				CLANG_WARN_UNGUARDED_AVAILABILITY = YES_AGGRESSIVE;
				CLANG_WARN_UNREACHABLE_CODE = YES;
				CLANG_WARN__DUPLICATE_METHOD_MATCH = YES;
				COPY_PHASE_STRIP = NO;
				DEBUG_INFORMATION_FORMAT = dwarf;
				ENABLE_STRICT_OBJC_MSGSEND = YES;
				ENABLE_TESTABILITY = YES;
				GCC_C_LANGUAGE_STANDARD = gnu11;
				GCC_DYNAMIC_NO_PIC = NO;
				GCC_NO_COMMON_BLOCKS = YES;
				GCC_OPTIMIZATION_LEVEL = 0;
				GCC_PREPROCESSOR_DEFINITIONS = (
					"DEBUG=1",
					"$(inherited)",
				);
				GCC_WARN_64_TO_32_BIT_CONVERSION = YES;
				GCC_WARN_ABOUT_RETURN_TYPE = YES_ERROR;
				GCC_WARN_UNDECLARED_SELECTOR = YES;
				GCC_WARN_UNINITIALIZED_AUTOS = YES_AGGRESSIVE;
				GCC_WARN_UNUSED_FUNCTION = YES;
				GCC_WARN_UNUSED_VARIABLE = YES;
				MACOSX_DEPLOYMENT_TARGET = 13.0;
				MTL_ENABLE_DEBUG_INFO = INCLUDE_SOURCE;
				MTL_FAST_MATH = YES;
				ONLY_ACTIVE_ARCH = YES;
				SDKROOT = macosx;
				SWIFT_ACTIVE_COMPILATION_CONDITIONS = DEBUG;
				SWIFT_OPTIMIZATION_LEVEL = "-Onone";
			};
			name = Debug;
		};
		824EDDF82757A24700FC5A71 /* Release */ = {
			isa = XCBuildConfiguration;
			buildSettings = {
				ALWAYS_SEARCH_USER_PATHS = NO;
				CLANG_ANALYZER_NONNULL = YES;
				CLANG_ANALYZER_NUMBER_OBJECT_CONVERSION = YES_AGGRESSIVE;
				CLANG_CXX_LANGUAGE_STANDARD = "gnu++17";
				CLANG_CXX_LIBRARY = "libc++";
				CLANG_ENABLE_MODULES = YES;
				CLANG_ENABLE_OBJC_ARC = YES;
				CLANG_ENABLE_OBJC_WEAK = YES;
				CLANG_WARN_BLOCK_CAPTURE_AUTORELEASING = YES;
				CLANG_WARN_BOOL_CONVERSION = YES;
				CLANG_WARN_COMMA = YES;
				CLANG_WARN_CONSTANT_CONVERSION = YES;
				CLANG_WARN_DEPRECATED_OBJC_IMPLEMENTATIONS = YES;
				CLANG_WARN_DIRECT_OBJC_ISA_USAGE = YES_ERROR;
				CLANG_WARN_DOCUMENTATION_COMMENTS = YES;
				CLANG_WARN_EMPTY_BODY = YES;
				CLANG_WARN_ENUM_CONVERSION = YES;
				CLANG_WARN_INFINITE_RECURSION = YES;
				CLANG_WARN_INT_CONVERSION = YES;
				CLANG_WARN_NON_LITERAL_NULL_CONVERSION = YES;
				CLANG_WARN_OBJC_IMPLICIT_RETAIN_SELF = YES;
				CLANG_WARN_OBJC_LITERAL_CONVERSION = YES;
				CLANG_WARN_OBJC_ROOT_CLASS = YES_ERROR;
				CLANG_WARN_QUOTED_INCLUDE_IN_FRAMEWORK_HEADER = YES;
				CLANG_WARN_RANGE_LOOP_ANALYSIS = YES;
				CLANG_WARN_STRICT_PROTOTYPES = YES;
				CLANG_WARN_SUSPICIOUS_MOVE = YES;
				CLANG_WARN_UNGUARDED_AVAILABILITY = YES_AGGRESSIVE;
				CLANG_WARN_UNREACHABLE_CODE = YES;
				CLANG_WARN__DUPLICATE_METHOD_MATCH = YES;
				COPY_PHASE_STRIP = NO;
				DEBUG_INFORMATION_FORMAT = "dwarf-with-dsym";
				ENABLE_NS_ASSERTIONS = NO;
				ENABLE_STRICT_OBJC_MSGSEND = YES;
				GCC_C_LANGUAGE_STANDARD = gnu11;
				GCC_NO_COMMON_BLOCKS = YES;
				GCC_WARN_64_TO_32_BIT_CONVERSION = YES;
				GCC_WARN_ABOUT_RETURN_TYPE = YES_ERROR;
				GCC_WARN_UNDECLARED_SELECTOR = YES;
				GCC_WARN_UNINITIALIZED_AUTOS = YES_AGGRESSIVE;
				GCC_WARN_UNUSED_FUNCTION = YES;
				GCC_WARN_UNUSED_VARIABLE = YES;
				MACOSX_DEPLOYMENT_TARGET = 13.0;
				MTL_ENABLE_DEBUG_INFO = NO;
				MTL_FAST_MATH = YES;
				SDKROOT = macosx;
				SWIFT_COMPILATION_MODE = wholemodule;
				SWIFT_OPTIMIZATION_LEVEL = "-O";
			};
			name = Release;
		};
		824EDDFA2757A24700FC5A71 /* Debug */ = {
			isa = XCBuildConfiguration;
			buildSettings = {
				CODE_SIGN_IDENTITY = "Apple Development";
				CODE_SIGN_STYLE = Automatic;
				DEVELOPMENT_TEAM = S79DC5C259;
				ENABLE_HARDENED_RUNTIME = YES;
				PRODUCT_NAME = "$(TARGET_NAME)";
				PROVISIONING_PROFILE_SPECIFIER = "";
				SWIFT_VERSION = 5.0;
			};
			name = Debug;
		};
		824EDDFB2757A24700FC5A71 /* Release */ = {
			isa = XCBuildConfiguration;
			buildSettings = {
				CODE_SIGN_IDENTITY = "Apple Development";
				CODE_SIGN_STYLE = Automatic;
				DEVELOPMENT_TEAM = S79DC5C259;
				ENABLE_HARDENED_RUNTIME = YES;
				PRODUCT_NAME = "$(TARGET_NAME)";
				PROVISIONING_PROFILE_SPECIFIER = "";
				SWIFT_VERSION = 5.0;
			};
			name = Release;
		};
/* End XCBuildConfiguration section */

/* Begin XCConfigurationList section */
		824EDDED2757A24700FC5A71 /* Build configuration list for PBXProject "AdventOfCode" */ = {
			isa = XCConfigurationList;
			buildConfigurations = (
				824EDDF72757A24700FC5A71 /* Debug */,
				824EDDF82757A24700FC5A71 /* Release */,
			);
			defaultConfigurationIsVisible = 0;
			defaultConfigurationName = Release;
		};
		824EDDF92757A24700FC5A71 /* Build configuration list for PBXNativeTarget "AdventOfCode" */ = {
			isa = XCConfigurationList;
			buildConfigurations = (
				824EDDFA2757A24700FC5A71 /* Debug */,
				824EDDFB2757A24700FC5A71 /* Release */,
			);
			defaultConfigurationIsVisible = 0;
			defaultConfigurationName = Release;
		};
/* End XCConfigurationList section */

/* Begin XCRemoteSwiftPackageReference section */
		82B76DB12768DBC1005B212C /* XCRemoteSwiftPackageReference "swift-algorithms" */ = {
			isa = XCRemoteSwiftPackageReference;
			repositoryURL = "https://github.com/apple/swift-algorithms.git";
			requirement = {
				kind = upToNextMajorVersion;
				minimumVersion = 1.0.0;
			};
		};
/* End XCRemoteSwiftPackageReference section */

/* Begin XCSwiftPackageProductDependency section */
		82B76DB22768DBC1005B212C /* Algorithms */ = {
			isa = XCSwiftPackageProductDependency;
			package = 82B76DB12768DBC1005B212C /* XCRemoteSwiftPackageReference "swift-algorithms" */;
			productName = Algorithms;
		};
/* End XCSwiftPackageProductDependency section */
	};
	rootObject = 824EDDEA2757A24700FC5A71 /* Project object */;
}
